
Microsoft Visual Studio Solution File, Format Version 12.00
# Visual Studio Version 17
VisualStudioVersion = 17.5.33516.290
MinimumVisualStudioVersion = 10.0.40219.1
Project("{FAE04EC0-301F-11D3-BF4B-00C04F79EFBC}") = "WebApplication1", "WebApplication1\WebApplication1.csproj", "{DF5C2D37-B818-42A8-BF97-280C89741827}"
EndProject
Global
	GlobalSection(SolutionConfigurationPlatforms) = preSolution
		Debug|Any CPU = Debug|Any CPU
		Release|Any CPU = Release|Any CPU
	EndGlobalSection
	GlobalSection(ProjectConfigurationPlatforms) = postSolution
		{DF5C2D37-B818-42A8-BF97-280C89741827}.Debug|Any CPU.ActiveCfg = Debug|Any CPU
		{DF5C2D37-B818-42A8-BF97-280C89741827}.Debug|Any CPU.Build.0 = Debug|Any CPU
		{DF5C2D37-B818-42A8-BF97-280C89741827}.Release|Any CPU.ActiveCfg = Release|Any CPU
		{DF5C2D37-B818-42A8-BF97-280C89741827}.Release|Any CPU.Build.0 = Release|Any CPU
	EndGlobalSection
	GlobalSection(SolutionProperties) = preSolution
		HideSolutionNode = FALSE
	EndGlobalSection
	GlobalSection(ExtensibilityGlobals) = postSolution
		SolutionGuid = {EB1112BE-18DC-43E7-B057-FCDBA8B46405}
	EndGlobalSection
EndGlobal
